
Microsoft Visual Studio Solution File, Format Version 12.00
# Visual Studio 15
VisualStudioVersion = 15.0.26228.9
MinimumVisualStudioVersion = 10.0.40219.1
Project("{D954291E-2A0B-460D-934E-DC6B0785DB48}") = "App5", "App5\App5\App5.shproj", "{B2DBF9AD-3009-48E0-93CB-ABCBDC04E708}"
EndProject
Project("{FAE04EC0-301F-11D3-BF4B-00C04F79EFBC}") = "App5.Android", "App5\App5.Android\App5.Android.csproj", "{9167C5EB-4DC3-43AD-A409-33BBB55F1403}"
EndProject
Project("{FAE04EC0-301F-11D3-BF4B-00C04F79EFBC}") = "App5.iOS", "App5\App5.iOS\App5.iOS.csproj", "{EB53E1FE-2D4C-4AAA-9FE9-E5C8C3214A5C}"
EndProject
Project("{FAE04EC0-301F-11D3-BF4B-00C04F79EFBC}") = "App5.UWP", "App5\App5.UWP\App5.UWP.csproj", "{39A94A49-3169-4892-B61B-7B440ABEA1A9}"
EndProject
Global
	GlobalSection(SharedMSBuildProjectFiles) = preSolution
		App5\App5\App5.projitems*{39a94a49-3169-4892-b61b-7b440abea1a9}*SharedItemsImports = 4
		App5\App5\App5.projitems*{9167c5eb-4dc3-43ad-a409-33bbb55f1403}*SharedItemsImports = 4
		App5\App5\App5.projitems*{b2dbf9ad-3009-48e0-93cb-abcbdc04e708}*SharedItemsImports = 13
		App5\App5\App5.projitems*{eb53e1fe-2d4c-4aaa-9fe9-e5c8c3214a5c}*SharedItemsImports = 4
	EndGlobalSection
	GlobalSection(SolutionConfigurationPlatforms) = preSolution
		Ad-Hoc|Any CPU = Ad-Hoc|Any CPU
		Ad-Hoc|ARM = Ad-Hoc|ARM
		Ad-Hoc|iPhone = Ad-Hoc|iPhone
		Ad-Hoc|iPhoneSimulator = Ad-Hoc|iPhoneSimulator
		Ad-Hoc|x64 = Ad-Hoc|x64
		Ad-Hoc|x86 = Ad-Hoc|x86
		AppStore|Any CPU = AppStore|Any CPU
		AppStore|ARM = AppStore|ARM
		AppStore|iPhone = AppStore|iPhone
		AppStore|iPhoneSimulator = AppStore|iPhoneSimulator
		AppStore|x64 = AppStore|x64
		AppStore|x86 = AppStore|x86
		Debug|Any CPU = Debug|Any CPU
		Debug|ARM = Debug|ARM
		Debug|iPhone = Debug|iPhone
		Debug|iPhoneSimulator = Debug|iPhoneSimulator
		Debug|x64 = Debug|x64
		Debug|x86 = Debug|x86
		Release|Any CPU = Release|Any CPU
		Release|ARM = Release|ARM
		Release|iPhone = Release|iPhone
		Release|iPhoneSimulator = Release|iPhoneSimulator
		Release|x64 = Release|x64
		Release|x86 = Release|x86
	EndGlobalSection
	GlobalSection(ProjectConfigurationPlatforms) = postSolution
		{9167C5EB-4DC3-43AD-A409-33BBB55F1403}.Ad-Hoc|Any CPU.ActiveCfg = Release|Any CPU
		{9167C5EB-4DC3-43AD-A409-33BBB55F1403}.Ad-Hoc|Any CPU.Build.0 = Release|Any CPU
		{9167C5EB-4DC3-43AD-A409-33BBB55F1403}.Ad-Hoc|Any CPU.Deploy.0 = Release|Any CPU
		{9167C5EB-4DC3-43AD-A409-33BBB55F1403}.Ad-Hoc|ARM.ActiveCfg = Release|Any CPU
		{9167C5EB-4DC3-43AD-A409-33BBB55F1403}.Ad-Hoc|ARM.Build.0 = Release|Any CPU
		{9167C5EB-4DC3-43AD-A409-33BBB55F1403}.Ad-Hoc|ARM.Deploy.0 = Release|Any CPU
		{9167C5EB-4DC3-43AD-A409-33BBB55F1403}.Ad-Hoc|iPhone.ActiveCfg = Release|Any CPU
		{9167C5EB-4DC3-43AD-A409-33BBB55F1403}.Ad-Hoc|iPhone.Build.0 = Release|Any CPU
		{9167C5EB-4DC3-43AD-A409-33BBB55F1403}.Ad-Hoc|iPhone.Deploy.0 = Release|Any CPU
		{9167C5EB-4DC3-43AD-A409-33BBB55F1403}.Ad-Hoc|iPhoneSimulator.ActiveCfg = Release|Any CPU
		{9167C5EB-4DC3-43AD-A409-33BBB55F1403}.Ad-Hoc|iPhoneSimulator.Build.0 = Release|Any CPU
		{9167C5EB-4DC3-43AD-A409-33BBB55F1403}.Ad-Hoc|iPhoneSimulator.Deploy.0 = Release|Any CPU
		{9167C5EB-4DC3-43AD-A409-33BBB55F1403}.Ad-Hoc|x64.ActiveCfg = Release|Any CPU
		{9167C5EB-4DC3-43AD-A409-33BBB55F1403}.Ad-Hoc|x64.Build.0 = Release|Any CPU
		{9167C5EB-4DC3-43AD-A409-33BBB55F1403}.Ad-Hoc|x64.Deploy.0 = Release|Any CPU
		{9167C5EB-4DC3-43AD-A409-33BBB55F1403}.Ad-Hoc|x86.ActiveCfg = Release|Any CPU
		{9167C5EB-4DC3-43AD-A409-33BBB55F1403}.Ad-Hoc|x86.Build.0 = Release|Any CPU
		{9167C5EB-4DC3-43AD-A409-33BBB55F1403}.Ad-Hoc|x86.Deploy.0 = Release|Any CPU
		{9167C5EB-4DC3-43AD-A409-33BBB55F1403}.AppStore|Any CPU.ActiveCfg = Release|Any CPU
		{9167C5EB-4DC3-43AD-A409-33BBB55F1403}.AppStore|Any CPU.Build.0 = Release|Any CPU
		{9167C5EB-4DC3-43AD-A409-33BBB55F1403}.AppStore|Any CPU.Deploy.0 = Release|Any CPU
		{9167C5EB-4DC3-43AD-A409-33BBB55F1403}.AppStore|ARM.ActiveCfg = Release|Any CPU
		{9167C5EB-4DC3-43AD-A409-33BBB55F1403}.AppStore|ARM.Build.0 = Release|Any CPU
		{9167C5EB-4DC3-43AD-A409-33BBB55F1403}.AppStore|ARM.Deploy.0 = Release|Any CPU
		{9167C5EB-4DC3-43AD-A409-33BBB55F1403}.AppStore|iPhone.ActiveCfg = Release|Any CPU
		{9167C5EB-4DC3-43AD-A409-33BBB55F1403}.AppStore|iPhone.Build.0 = Release|Any CPU
		{9167C5EB-4DC3-43AD-A409-33BBB55F1403}.AppStore|iPhone.Deploy.0 = Release|Any CPU
		{9167C5EB-4DC3-43AD-A409-33BBB55F1403}.AppStore|iPhoneSimulator.ActiveCfg = Release|Any CPU
		{9167C5EB-4DC3-43AD-A409-33BBB55F1403}.AppStore|iPhoneSimulator.Build.0 = Release|Any CPU
		{9167C5EB-4DC3-43AD-A409-33BBB55F1403}.AppStore|iPhoneSimulator.Deploy.0 = Release|Any CPU
		{9167C5EB-4DC3-43AD-A409-33BBB55F1403}.AppStore|x64.ActiveCfg = Release|Any CPU
		{9167C5EB-4DC3-43AD-A409-33BBB55F1403}.AppStore|x64.Build.0 = Release|Any CPU
		{9167C5EB-4DC3-43AD-A409-33BBB55F1403}.AppStore|x64.Deploy.0 = Release|Any CPU
		{9167C5EB-4DC3-43AD-A409-33BBB55F1403}.AppStore|x86.ActiveCfg = Release|Any CPU
		{9167C5EB-4DC3-43AD-A409-33BBB55F1403}.AppStore|x86.Build.0 = Release|Any CPU
		{9167C5EB-4DC3-43AD-A409-33BBB55F1403}.AppStore|x86.Deploy.0 = Release|Any CPU
		{9167C5EB-4DC3-43AD-A409-33BBB55F1403}.Debug|Any CPU.ActiveCfg = Debug|Any CPU
		{9167C5EB-4DC3-43AD-A409-33BBB55F1403}.Debug|Any CPU.Build.0 = Debug|Any CPU
		{9167C5EB-4DC3-43AD-A409-33BBB55F1403}.Debug|Any CPU.Deploy.0 = Debug|Any CPU
		{9167C5EB-4DC3-43AD-A409-33BBB55F1403}.Debug|ARM.ActiveCfg = Debug|Any CPU
		{9167C5EB-4DC3-43AD-A409-33BBB55F1403}.Debug|ARM.Build.0 = Debug|Any CPU
		{9167C5EB-4DC3-43AD-A409-33BBB55F1403}.Debug|ARM.Deploy.0 = Debug|Any CPU
		{9167C5EB-4DC3-43AD-A409-33BBB55F1403}.Debug|iPhone.ActiveCfg = Debug|Any CPU
		{9167C5EB-4DC3-43AD-A409-33BBB55F1403}.Debug|iPhone.Build.0 = Debug|Any CPU
		{9167C5EB-4DC3-43AD-A409-33BBB55F1403}.Debug|iPhone.Deploy.0 = Debug|Any CPU
		{9167C5EB-4DC3-43AD-A409-33BBB55F1403}.Debug|iPhoneSimulator.ActiveCfg = Debug|Any CPU
		{9167C5EB-4DC3-43AD-A409-33BBB55F1403}.Debug|iPhoneSimulator.Build.0 = Debug|Any CPU
		{9167C5EB-4DC3-43AD-A409-33BBB55F1403}.Debug|iPhoneSimulator.Deploy.0 = Debug|Any CPU
		{9167C5EB-4DC3-43AD-A409-33BBB55F1403}.Debug|x64.ActiveCfg = Debug|Any CPU
		{9167C5EB-4DC3-43AD-A409-33BBB55F1403}.Debug|x64.Build.0 = Debug|Any CPU
		{9167C5EB-4DC3-43AD-A409-33BBB55F1403}.Debug|x64.Deploy.0 = Debug|Any CPU
		{9167C5EB-4DC3-43AD-A409-33BBB55F1403}.Debug|x86.ActiveCfg = Debug|Any CPU
		{9167C5EB-4DC3-43AD-A409-33BBB55F1403}.Debug|x86.Build.0 = Debug|Any CPU
		{9167C5EB-4DC3-43AD-A409-33BBB55F1403}.Debug|x86.Deploy.0 = Debug|Any CPU
		{9167C5EB-4DC3-43AD-A409-33BBB55F1403}.Release|Any CPU.ActiveCfg = Release|Any CPU
		{9167C5EB-4DC3-43AD-A409-33BBB55F1403}.Release|Any CPU.Build.0 = Release|Any CPU
		{9167C5EB-4DC3-43AD-A409-33BBB55F1403}.Release|Any CPU.Deploy.0 = Release|Any CPU
		{9167C5EB-4DC3-43AD-A409-33BBB55F1403}.Release|ARM.ActiveCfg = Release|Any CPU
		{9167C5EB-4DC3-43AD-A409-33BBB55F1403}.Release|ARM.Build.0 = Release|Any CPU
		{9167C5EB-4DC3-43AD-A409-33BBB55F1403}.Release|ARM.Deploy.0 = Release|Any CPU
		{9167C5EB-4DC3-43AD-A409-33BBB55F1403}.Release|iPhone.ActiveCfg = Release|Any CPU
		{9167C5EB-4DC3-43AD-A409-33BBB55F1403}.Release|iPhone.Build.0 = Release|Any CPU
		{9167C5EB-4DC3-43AD-A409-33BBB55F1403}.Release|iPhone.Deploy.0 = Release|Any CPU
		{9167C5EB-4DC3-43AD-A409-33BBB55F1403}.Release|iPhoneSimulator.ActiveCfg = Release|Any CPU
		{9167C5EB-4DC3-43AD-A409-33BBB55F1403}.Release|iPhoneSimulator.Build.0 = Release|Any CPU
		{9167C5EB-4DC3-43AD-A409-33BBB55F1403}.Release|iPhoneSimulator.Deploy.0 = Release|Any CPU
		{9167C5EB-4DC3-43AD-A409-33BBB55F1403}.Release|x64.ActiveCfg = Release|Any CPU
		{9167C5EB-4DC3-43AD-A409-33BBB55F1403}.Release|x64.Build.0 = Release|Any CPU
		{9167C5EB-4DC3-43AD-A409-33BBB55F1403}.Release|x64.Deploy.0 = Release|Any CPU
		{9167C5EB-4DC3-43AD-A409-33BBB55F1403}.Release|x86.ActiveCfg = Release|Any CPU
		{9167C5EB-4DC3-43AD-A409-33BBB55F1403}.Release|x86.Build.0 = Release|Any CPU
		{9167C5EB-4DC3-43AD-A409-33BBB55F1403}.Release|x86.Deploy.0 = Release|Any CPU
		{EB53E1FE-2D4C-4AAA-9FE9-E5C8C3214A5C}.Ad-Hoc|Any CPU.ActiveCfg = Ad-Hoc|iPhone
		{EB53E1FE-2D4C-4AAA-9FE9-E5C8C3214A5C}.Ad-Hoc|ARM.ActiveCfg = Ad-Hoc|iPhone
		{EB53E1FE-2D4C-4AAA-9FE9-E5C8C3214A5C}.Ad-Hoc|iPhone.ActiveCfg = Ad-Hoc|iPhone
		{EB53E1FE-2D4C-4AAA-9FE9-E5C8C3214A5C}.Ad-Hoc|iPhone.Build.0 = Ad-Hoc|iPhone
		{EB53E1FE-2D4C-4AAA-9FE9-E5C8C3214A5C}.Ad-Hoc|iPhoneSimulator.ActiveCfg = Ad-Hoc|iPhoneSimulator
		{EB53E1FE-2D4C-4AAA-9FE9-E5C8C3214A5C}.Ad-Hoc|iPhoneSimulator.Build.0 = Ad-Hoc|iPhoneSimulator
		{EB53E1FE-2D4C-4AAA-9FE9-E5C8C3214A5C}.Ad-Hoc|x64.ActiveCfg = Ad-Hoc|iPhone
		{EB53E1FE-2D4C-4AAA-9FE9-E5C8C3214A5C}.Ad-Hoc|x86.ActiveCfg = Ad-Hoc|iPhone
		{EB53E1FE-2D4C-4AAA-9FE9-E5C8C3214A5C}.AppStore|Any CPU.ActiveCfg = AppStore|iPhone
		{EB53E1FE-2D4C-4AAA-9FE9-E5C8C3214A5C}.AppStore|ARM.ActiveCfg = AppStore|iPhone
		{EB53E1FE-2D4C-4AAA-9FE9-E5C8C3214A5C}.AppStore|iPhone.ActiveCfg = AppStore|iPhone
		{EB53E1FE-2D4C-4AAA-9FE9-E5C8C3214A5C}.AppStore|iPhone.Build.0 = AppStore|iPhone
		{EB53E1FE-2D4C-4AAA-9FE9-E5C8C3214A5C}.AppStore|iPhoneSimulator.ActiveCfg = AppStore|iPhoneSimulator
		{EB53E1FE-2D4C-4AAA-9FE9-E5C8C3214A5C}.AppStore|iPhoneSimulator.Build.0 = AppStore|iPhoneSimulator
		{EB53E1FE-2D4C-4AAA-9FE9-E5C8C3214A5C}.AppStore|x64.ActiveCfg = AppStore|iPhone
		{EB53E1FE-2D4C-4AAA-9FE9-E5C8C3214A5C}.AppStore|x86.ActiveCfg = AppStore|iPhone
		{EB53E1FE-2D4C-4AAA-9FE9-E5C8C3214A5C}.Debug|Any CPU.ActiveCfg = Debug|iPhone
		{EB53E1FE-2D4C-4AAA-9FE9-E5C8C3214A5C}.Debug|ARM.ActiveCfg = Debug|iPhone
		{EB53E1FE-2D4C-4AAA-9FE9-E5C8C3214A5C}.Debug|iPhone.ActiveCfg = Debug|iPhone
		{EB53E1FE-2D4C-4AAA-9FE9-E5C8C3214A5C}.Debug|iPhone.Build.0 = Debug|iPhone
		{EB53E1FE-2D4C-4AAA-9FE9-E5C8C3214A5C}.Debug|iPhoneSimulator.ActiveCfg = Debug|iPhoneSimulator
		{EB53E1FE-2D4C-4AAA-9FE9-E5C8C3214A5C}.Debug|iPhoneSimulator.Build.0 = Debug|iPhoneSimulator
		{EB53E1FE-2D4C-4AAA-9FE9-E5C8C3214A5C}.Debug|x64.ActiveCfg = Debug|iPhone
		{EB53E1FE-2D4C-4AAA-9FE9-E5C8C3214A5C}.Debug|x86.ActiveCfg = Debug|iPhone
		{EB53E1FE-2D4C-4AAA-9FE9-E5C8C3214A5C}.Release|Any CPU.ActiveCfg = Release|iPhone
		{EB53E1FE-2D4C-4AAA-9FE9-E5C8C3214A5C}.Release|ARM.ActiveCfg = Release|iPhone
		{EB53E1FE-2D4C-4AAA-9FE9-E5C8C3214A5C}.Release|iPhone.ActiveCfg = Release|iPhone
		{EB53E1FE-2D4C-4AAA-9FE9-E5C8C3214A5C}.Release|iPhone.Build.0 = Release|iPhone
		{EB53E1FE-2D4C-4AAA-9FE9-E5C8C3214A5C}.Release|iPhoneSimulator.ActiveCfg = Release|iPhoneSimulator
		{EB53E1FE-2D4C-4AAA-9FE9-E5C8C3214A5C}.Release|iPhoneSimulator.Build.0 = Release|iPhoneSimulator
		{EB53E1FE-2D4C-4AAA-9FE9-E5C8C3214A5C}.Release|x64.ActiveCfg = Release|iPhone
		{EB53E1FE-2D4C-4AAA-9FE9-E5C8C3214A5C}.Release|x86.ActiveCfg = Release|iPhone
		{39A94A49-3169-4892-B61B-7B440ABEA1A9}.Ad-Hoc|Any CPU.ActiveCfg = Release|x86
		{39A94A49-3169-4892-B61B-7B440ABEA1A9}.Ad-Hoc|Any CPU.Build.0 = Release|x86
		{39A94A49-3169-4892-B61B-7B440ABEA1A9}.Ad-Hoc|Any CPU.Deploy.0 = Release|x86
		{39A94A49-3169-4892-B61B-7B440ABEA1A9}.Ad-Hoc|ARM.ActiveCfg = Release|ARM
		{39A94A49-3169-4892-B61B-7B440ABEA1A9}.Ad-Hoc|ARM.Build.0 = Release|ARM
		{39A94A49-3169-4892-B61B-7B440ABEA1A9}.Ad-Hoc|ARM.Deploy.0 = Release|ARM
		{39A94A49-3169-4892-B61B-7B440ABEA1A9}.Ad-Hoc|iPhone.ActiveCfg = Release|x86
		{39A94A49-3169-4892-B61B-7B440ABEA1A9}.Ad-Hoc|iPhone.Build.0 = Release|x86
		{39A94A49-3169-4892-B61B-7B440ABEA1A9}.Ad-Hoc|iPhone.Deploy.0 = Release|x86
		{39A94A49-3169-4892-B61B-7B440ABEA1A9}.Ad-Hoc|iPhoneSimulator.ActiveCfg = Release|x86
		{39A94A49-3169-4892-B61B-7B440ABEA1A9}.Ad-Hoc|iPhoneSimulator.Build.0 = Release|x86
		{39A94A49-3169-4892-B61B-7B440ABEA1A9}.Ad-Hoc|iPhoneSimulator.Deploy.0 = Release|x86
		{39A94A49-3169-4892-B61B-7B440ABEA1A9}.Ad-Hoc|x64.ActiveCfg = Release|x64
		{39A94A49-3169-4892-B61B-7B440ABEA1A9}.Ad-Hoc|x64.Build.0 = Release|x64
		{39A94A49-3169-4892-B61B-7B440ABEA1A9}.Ad-Hoc|x64.Deploy.0 = Release|x64
		{39A94A49-3169-4892-B61B-7B440ABEA1A9}.Ad-Hoc|x86.ActiveCfg = Release|x86
		{39A94A49-3169-4892-B61B-7B440ABEA1A9}.Ad-Hoc|x86.Build.0 = Release|x86
		{39A94A49-3169-4892-B61B-7B440ABEA1A9}.Ad-Hoc|x86.Deploy.0 = Release|x86
		{39A94A49-3169-4892-B61B-7B440ABEA1A9}.AppStore|Any CPU.ActiveCfg = Release|x86
		{39A94A49-3169-4892-B61B-7B440ABEA1A9}.AppStore|Any CPU.Build.0 = Release|x86
		{39A94A49-3169-4892-B61B-7B440ABEA1A9}.AppStore|Any CPU.Deploy.0 = Release|x86
		{39A94A49-3169-4892-B61B-7B440ABEA1A9}.AppStore|ARM.ActiveCfg = Release|ARM
		{39A94A49-3169-4892-B61B-7B440ABEA1A9}.AppStore|ARM.Build.0 = Release|ARM
		{39A94A49-3169-4892-B61B-7B440ABEA1A9}.AppStore|ARM.Deploy.0 = Release|ARM
		{39A94A49-3169-4892-B61B-7B440ABEA1A9}.AppStore|iPhone.ActiveCfg = Release|x86
		{39A94A49-3169-4892-B61B-7B440ABEA1A9}.AppStore|iPhone.Build.0 = Release|x86
		{39A94A49-3169-4892-B61B-7B440ABEA1A9}.AppStore|iPhone.Deploy.0 = Release|x86
		{39A94A49-3169-4892-B61B-7B440ABEA1A9}.AppStore|iPhoneSimulator.ActiveCfg = Release|x86
		{39A94A49-3169-4892-B61B-7B440ABEA1A9}.AppStore|iPhoneSimulator.Build.0 = Release|x86
		{39A94A49-3169-4892-B61B-7B440ABEA1A9}.AppStore|iPhoneSimulator.Deploy.0 = Release|x86
		{39A94A49-3169-4892-B61B-7B440ABEA1A9}.AppStore|x64.ActiveCfg = Release|x64
		{39A94A49-3169-4892-B61B-7B440ABEA1A9}.AppStore|x64.Build.0 = Release|x64
		{39A94A49-3169-4892-B61B-7B440ABEA1A9}.AppStore|x64.Deploy.0 = Release|x64
		{39A94A49-3169-4892-B61B-7B440ABEA1A9}.AppStore|x86.ActiveCfg = Release|x86
		{39A94A49-3169-4892-B61B-7B440ABEA1A9}.AppStore|x86.Build.0 = Release|x86
		{39A94A49-3169-4892-B61B-7B440ABEA1A9}.AppStore|x86.Deploy.0 = Release|x86
		{39A94A49-3169-4892-B61B-7B440ABEA1A9}.Debug|Any CPU.ActiveCfg = Debug|x86
		{39A94A49-3169-4892-B61B-7B440ABEA1A9}.Debug|ARM.ActiveCfg = Debug|ARM
		{39A94A49-3169-4892-B61B-7B440ABEA1A9}.Debug|ARM.Build.0 = Debug|ARM
		{39A94A49-3169-4892-B61B-7B440ABEA1A9}.Debug|ARM.Deploy.0 = Debug|ARM
		{39A94A49-3169-4892-B61B-7B440ABEA1A9}.Debug|iPhone.ActiveCfg = Debug|x86
		{39A94A49-3169-4892-B61B-7B440ABEA1A9}.Debug|iPhoneSimulator.ActiveCfg = Debug|x86
		{39A94A49-3169-4892-B61B-7B440ABEA1A9}.Debug|x64.ActiveCfg = Debug|x64
		{39A94A49-3169-4892-B61B-7B440ABEA1A9}.Debug|x64.Build.0 = Debug|x64
		{39A94A49-3169-4892-B61B-7B440ABEA1A9}.Debug|x64.Deploy.0 = Debug|x64
		{39A94A49-3169-4892-B61B-7B440ABEA1A9}.Debug|x86.ActiveCfg = Debug|x86
		{39A94A49-3169-4892-B61B-7B440ABEA1A9}.Debug|x86.Build.0 = Debug|x86
		{39A94A49-3169-4892-B61B-7B440ABEA1A9}.Debug|x86.Deploy.0 = Debug|x86
		{39A94A49-3169-4892-B61B-7B440ABEA1A9}.Release|Any CPU.ActiveCfg = Release|x86
		{39A94A49-3169-4892-B61B-7B440ABEA1A9}.Release|ARM.ActiveCfg = Release|ARM
		{39A94A49-3169-4892-B61B-7B440ABEA1A9}.Release|ARM.Build.0 = Release|ARM
		{39A94A49-3169-4892-B61B-7B440ABEA1A9}.Release|ARM.Deploy.0 = Release|ARM
		{39A94A49-3169-4892-B61B-7B440ABEA1A9}.Release|iPhone.ActiveCfg = Release|x86
		{39A94A49-3169-4892-B61B-7B440ABEA1A9}.Release|iPhoneSimulator.ActiveCfg = Release|x86
		{39A94A49-3169-4892-B61B-7B440ABEA1A9}.Release|x64.ActiveCfg = Release|x64
		{39A94A49-3169-4892-B61B-7B440ABEA1A9}.Release|x64.Build.0 = Release|x64
		{39A94A49-3169-4892-B61B-7B440ABEA1A9}.Release|x64.Deploy.0 = Release|x64
		{39A94A49-3169-4892-B61B-7B440ABEA1A9}.Release|x86.ActiveCfg = Release|x86
		{39A94A49-3169-4892-B61B-7B440ABEA1A9}.Release|x86.Build.0 = Release|x86
		{39A94A49-3169-4892-B61B-7B440ABEA1A9}.Release|x86.Deploy.0 = Release|x86
	EndGlobalSection
	GlobalSection(SolutionProperties) = preSolution
		HideSolutionNode = FALSE
	EndGlobalSection
EndGlobal
